Microsoft Visual Studio Solution File, Format Version 10.00
# Visual Studio 2008
Project("{8BC9CEB8-8B4A-11D0-8D11-00A0C91BC942}") = "jpeg", "jpeg\jpeg.vcproj", "{CE6265EF-6829-413B-B3C5-3F55053E71CB}"
EndProject
Project("{8BC9CEB8-8B4A-11D0-8D11-00A0C91BC942}") = "SurfCon2003", "SurfCon2003.vcproj", "{0D0E5AE3-6168-42E7-8B46-2D3085F9CE62}"
	ProjectSection(ProjectDependencies) = postProject
		{FD900514-A342-4278-9E59-73EE00EA4B13} = {FD900514-A342-4278-9E59-73EE00EA4B13}
		{D02F4814-950E-44E4-A563-49ADC57B3E84} = {D02F4814-950E-44E4-A563-49ADC57B3E84}
		{207B0726-3047-43E6-AA8A-70B04B3D40CC} = {207B0726-3047-43E6-AA8A-70B04B3D40CC}
		{F945E76B-4C49-4DF8-AC9F-45E945FDA9B9} = {F945E76B-4C49-4DF8-AC9F-45E945FDA9B9}
		{3B73788B-F7D9-413D-90D6-E024049A4EAA} = {3B73788B-F7D9-413D-90D6-E024049A4EAA}
		{FB75E28E-CF3C-4716-A28D-EBA3FD81BCC3} = {FB75E28E-CF3C-4716-A28D-EBA3FD81BCC3}
		{5D624C9E-0D7B-4C1B-B691-B80E71664628} = {5D624C9E-0D7B-4C1B-B691-B80E71664628}
		{B1E70CB6-4C53-47E9-9E01-39310886454D} = {B1E70CB6-4C53-47E9-9E01-39310886454D}
		{F270D3D2-B196-4A61-9454-36CEF97263C9} = {F270D3D2-B196-4A61-9454-36CEF97263C9}
		{CE6265EF-6829-413B-B3C5-3F55053E71CB} = {CE6265EF-6829-413B-B3C5-3F55053E71CB}
		{DC6F71FE-36A1-4BE2-8FCB-4E66126F90F4} = {DC6F71FE-36A1-4BE2-8FCB-4E66126F90F4}
	EndProjectSection
EndProject
Project("{8BC9CEB8-8B4A-11D0-8D11-00A0C91BC942}") = "array", "array\array.vcproj", "{FD900514-A342-4278-9E59-73EE00EA4B13}"
EndProject
Project("{8BC9CEB8-8B4A-11D0-8D11-00A0C91BC942}") = "dct", "dct\dct.vcproj", "{3B73788B-F7D9-413D-90D6-E024049A4EAA}"
EndProject
Project("{8BC9CEB8-8B4A-11D0-8D11-00A0C91BC942}") = "geoid", "geoid\geoid.vcproj", "{F270D3D2-B196-4A61-9454-36CEF97263C9}"
EndProject
Project("{8BC9CEB8-8B4A-11D0-8D11-00A0C91BC942}") = "tools", "tools\tools.vcproj", "{DC6F71FE-36A1-4BE2-8FCB-4E66126F90F4}"
EndProject
Project("{8BC9CEB8-8B4A-11D0-8D11-00A0C91BC942}") = "winplot", "winplot\winplot.vcproj", "{5D624C9E-0D7B-4C1B-B691-B80E71664628}"
EndProject
Project("{8BC9CEB8-8B4A-11D0-8D11-00A0C91BC942}") = "kohonen", "kohonen\kohonen.vcproj", "{58885474-6793-41A6-94F7-30E185D6A6A8}"
EndProject
Project("{8BC9CEB8-8B4A-11D0-8D11-00A0C91BC942}") = "wavelet", "wavelet\wavelet.vcproj", "{870ED2FD-41C1-4156-8A9A-60600B4AC1AE}"
EndProject
Project("{8BC9CEB8-8B4A-11D0-8D11-00A0C91BC942}") = "auto_build_3D", "auto_build_3D\auto_build_3D.vcproj", "{B902B0AE-8B33-4DB0-A2E3-AC649BE24AD1}"
EndProject
Project("{8BC9CEB8-8B4A-11D0-8D11-00A0C91BC942}") = "dime", "dime\dime.vcproj", "{FB75E28E-CF3C-4716-A28D-EBA3FD81BCC3}"
EndProject
Project("{8BC9CEB8-8B4A-11D0-8D11-00A0C91BC942}") = "anomklass", "anomklass\anomklass.vcproj", "{E3689650-F573-4DF1-8EF0-2A34C86C2A69}"
EndProject
Project("{8BC9CEB8-8B4A-11D0-8D11-00A0C91BC942}") = "geometry2D", "geometry2D\geometry2D.vcproj", "{0D7FAC22-10E5-4FF3-AFE9-AD6FCD576B32}"
EndProject
Project("{8BC9CEB8-8B4A-11D0-8D11-00A0C91BC942}") = "dxfsphere", "dime\dxfsphere.vcproj", "{A56AD52D-8BC7-4FD5-90AC-72A9825EBC02}"
EndProject
Project("{8BC9CEB8-8B4A-11D0-8D11-00A0C91BC942}") = "surfdoc", "surfdoc\surfdoc.vcproj", "{B1E70CB6-4C53-47E9-9E01-39310886454D}"
	ProjectSection(ProjectDependencies) = postProject
		{FD900514-A342-4278-9E59-73EE00EA4B13} = {FD900514-A342-4278-9E59-73EE00EA4B13}
		{D02F4814-950E-44E4-A563-49ADC57B3E84} = {D02F4814-950E-44E4-A563-49ADC57B3E84}
		{0D7FAC22-10E5-4FF3-AFE9-AD6FCD576B32} = {0D7FAC22-10E5-4FF3-AFE9-AD6FCD576B32}
		{207B0726-3047-43E6-AA8A-70B04B3D40CC} = {207B0726-3047-43E6-AA8A-70B04B3D40CC}
		{CF40663D-558D-40B4-AA0D-DD711FF4BFB0} = {CF40663D-558D-40B4-AA0D-DD711FF4BFB0}
		{7FF05D5D-011C-4BA4-B712-B2BC796DCE48} = {7FF05D5D-011C-4BA4-B712-B2BC796DCE48}
		{58885474-6793-41A6-94F7-30E185D6A6A8} = {58885474-6793-41A6-94F7-30E185D6A6A8}
		{396E807F-09AA-48E7-9A57-363AF89125E9} = {396E807F-09AA-48E7-9A57-363AF89125E9}
		{3B73788B-F7D9-413D-90D6-E024049A4EAA} = {3B73788B-F7D9-413D-90D6-E024049A4EAA}
		{FB75E28E-CF3C-4716-A28D-EBA3FD81BCC3} = {FB75E28E-CF3C-4716-A28D-EBA3FD81BCC3}
		{B1E70CB6-4C53-47E9-9E01-393108860000} = {B1E70CB6-4C53-47E9-9E01-393108860000}
		{F270D3D2-B196-4A61-9454-36CEF97263C9} = {F270D3D2-B196-4A61-9454-36CEF97263C9}
		{CE6265EF-6829-413B-B3C5-3F55053E71CB} = {CE6265EF-6829-413B-B3C5-3F55053E71CB}
		{DC6F71FE-36A1-4BE2-8FCB-4E66126F90F4} = {DC6F71FE-36A1-4BE2-8FCB-4E66126F90F4}
	EndProjectSection
EndProject
Project("{8BC9CEB8-8B4A-11D0-8D11-00A0C91BC942}") = "wintools", "wintools\wintools.vcproj", "{B1E70CB6-4C53-47E9-9E01-393108860000}"
EndProject
Project("{8BC9CEB8-8B4A-11D0-8D11-00A0C91BC942}") = "laboratory", "laboratory\laboratory.vcproj", "{396E807F-09AA-48E7-9A57-363AF89125E9}"
EndProject
Project("{8BC9CEB8-8B4A-11D0-8D11-00A0C91BC942}") = "lab", "lab\lab\lab.vcproj", "{4BB62AEF-45E3-4862-A436-C184E719EC8E}"
	ProjectSection(ProjectDependencies) = postProject
		{D02F4814-950E-44E4-A563-49ADC57B3E84} = {D02F4814-950E-44E4-A563-49ADC57B3E84}
		{207B0726-3047-43E6-AA8A-70B04B3D40CC} = {207B0726-3047-43E6-AA8A-70B04B3D40CC}
		{7FF05D5D-011C-4BA4-B712-B2BC796DCE48} = {7FF05D5D-011C-4BA4-B712-B2BC796DCE48}
		{F945E76B-4C49-4DF8-AC9F-45E945FDA9B9} = {F945E76B-4C49-4DF8-AC9F-45E945FDA9B9}
		{396E807F-09AA-48E7-9A57-363AF89125E9} = {396E807F-09AA-48E7-9A57-363AF89125E9}
		{B1E70CB6-4C53-47E9-9E01-393108860000} = {B1E70CB6-4C53-47E9-9E01-393108860000}
		{B1E70CB6-4C53-47E9-9E01-39310886454D} = {B1E70CB6-4C53-47E9-9E01-39310886454D}
		{353F3CED-B586-4338-9D59-DC657B3410B8} = {353F3CED-B586-4338-9D59-DC657B3410B8}
	EndProjectSection
EndProject
Project("{8BC9CEB8-8B4A-11D0-8D11-00A0C91BC942}") = "geocube_module", "geocube_module\geocube_module.vcproj", "{F945E76B-4C49-4DF8-AC9F-45E945FDA9B9}"
	ProjectSection(ProjectDependencies) = postProject
		{FD900514-A342-4278-9E59-73EE00EA4B13} = {FD900514-A342-4278-9E59-73EE00EA4B13}
		{D02F4814-950E-44E4-A563-49ADC57B3E84} = {D02F4814-950E-44E4-A563-49ADC57B3E84}
		{0D7FAC22-10E5-4FF3-AFE9-AD6FCD576B32} = {0D7FAC22-10E5-4FF3-AFE9-AD6FCD576B32}
		{207B0726-3047-43E6-AA8A-70B04B3D40CC} = {207B0726-3047-43E6-AA8A-70B04B3D40CC}
		{58885474-6793-41A6-94F7-30E185D6A6A8} = {58885474-6793-41A6-94F7-30E185D6A6A8}
		{396E807F-09AA-48E7-9A57-363AF89125E9} = {396E807F-09AA-48E7-9A57-363AF89125E9}
		{3B73788B-F7D9-413D-90D6-E024049A4EAA} = {3B73788B-F7D9-413D-90D6-E024049A4EAA}
		{FB75E28E-CF3C-4716-A28D-EBA3FD81BCC3} = {FB75E28E-CF3C-4716-A28D-EBA3FD81BCC3}
		{5D624C9E-0D7B-4C1B-B691-B80E71664628} = {5D624C9E-0D7B-4C1B-B691-B80E71664628}
		{B902B0AE-8B33-4DB0-A2E3-AC649BE24AD1} = {B902B0AE-8B33-4DB0-A2E3-AC649BE24AD1}
		{B1E70CB6-4C53-47E9-9E01-393108860000} = {B1E70CB6-4C53-47E9-9E01-393108860000}
		{B1E70CB6-4C53-47E9-9E01-39310886454D} = {B1E70CB6-4C53-47E9-9E01-39310886454D}
		{F270D3D2-B196-4A61-9454-36CEF97263C9} = {F270D3D2-B196-4A61-9454-36CEF97263C9}
		{353F3CED-B586-4338-9D59-DC657B3410B8} = {353F3CED-B586-4338-9D59-DC657B3410B8}
		{CE6265EF-6829-413B-B3C5-3F55053E71CB} = {CE6265EF-6829-413B-B3C5-3F55053E71CB}
		{DC6F71FE-36A1-4BE2-8FCB-4E66126F90F4} = {DC6F71FE-36A1-4BE2-8FCB-4E66126F90F4}
	EndProjectSection
EndProject
Project("{8BC9CEB8-8B4A-11D0-8D11-00A0C91BC942}") = "geocube", "geocube\geocube.vcproj", "{193C3196-0D58-4D8A-A6CA-08229E2EDA5E}"
	ProjectSection(ProjectDependencies) = postProject
		{F945E76B-4C49-4DF8-AC9F-45E945FDA9B9} = {F945E76B-4C49-4DF8-AC9F-45E945FDA9B9}
		{B1E70CB6-4C53-47E9-9E01-39310886454D} = {B1E70CB6-4C53-47E9-9E01-39310886454D}
	EndProjectSection
EndProject
Project("{8BC9CEB8-8B4A-11D0-8D11-00A0C91BC942}") = "excel_connect", "excel_connect\excel_connect.vcproj", "{207B0726-3047-43E6-AA8A-70B04B3D40CC}"
EndProject
Project("{8BC9CEB8-8B4A-11D0-8D11-00A0C91BC942}") = "acad_connect", "acad_connect\acad_connect.vcproj", "{D02F4814-950E-44E4-A563-49ADC57B3E84}"
EndProject
Project("{8BC9CEB8-8B4A-11D0-8D11-00A0C91BC942}") = "surfer_connect", "surfer_connect\surfer_connect.vcproj", "{CF40663D-558D-40B4-AA0D-DD711FF4BFB0}"
EndProject
Project("{8BC9CEB8-8B4A-11D0-8D11-00A0C91BC942}") = "LabDBDoc", "LabDBDoc\LabDBDoc.vcproj", "{7FF05D5D-011C-4BA4-B712-B2BC796DCE48}"
EndProject
Project("{8BC9CEB8-8B4A-11D0-8D11-00A0C91BC942}") = "win_gstat", "gstat-2.4.0\gstat-2.4.0\win_gstat\win_gstat.vcproj", "{965E6576-8DBB-44C2-996E-CF91636FB796}"
EndProject
Project("{8BC9CEB8-8B4A-11D0-8D11-00A0C91BC942}") = "GPS_CRD", "GPS_CRD\GPS_CRD.vcproj", "{8DB9146E-1E24-4418-B5EF-39ACC8A0EB0E}"
EndProject
Project("{8BC9CEB8-8B4A-11D0-8D11-00A0C91BC942}") = "alglib", "alglib-3.1.0\alglib\alglib.vcproj", "{353F3CED-B586-4338-9D59-DC657B3410B8}"
EndProject
Project("{8BC9CEB8-8B4A-11D0-8D11-00A0C91BC942}") = "glut32", "glut37\glut32\glut32.vcproj", "{AF91D2E3-B153-4842-90A3-0E315B31B252}"
EndProject
Project("{2150E333-8FDC-42A3-9474-1A3956D46DE8}") = "lib", "lib", "{A4C40571-0720-402E-9F24-426041519B24}"
EndProject
Project("{8BC9CEB8-8B4A-11D0-8D11-00A0C91BC942}") = "Logger", "logger\vc\Logger.vcproj", "{296335CC-C44A-4BB6-B1AF-971C44B29641}"
EndProject
Global
	GlobalSection(SolutionConfigurationPlatforms) = preSolution
		Debug|Win32 = Debug|Win32
		Debug|x64 = Debug|x64
		Release|Win32 = Release|Win32
		Release|x64 = Release|x64
	EndGlobalSection
	GlobalSection(ProjectConfigurationPlatforms) = postSolution
		{CE6265EF-6829-413B-B3C5-3F55053E71CB}.Debug|Win32.ActiveCfg = Debug|Win32
		{CE6265EF-6829-413B-B3C5-3F55053E71CB}.Debug|Win32.Build.0 = Debug|Win32
		{CE6265EF-6829-413B-B3C5-3F55053E71CB}.Debug|x64.ActiveCfg = Debug|x64
		{CE6265EF-6829-413B-B3C5-3F55053E71CB}.Debug|x64.Build.0 = Debug|x64
		{CE6265EF-6829-413B-B3C5-3F55053E71CB}.Release|Win32.ActiveCfg = Release|Win32
		{CE6265EF-6829-413B-B3C5-3F55053E71CB}.Release|Win32.Build.0 = Release|Win32
		{CE6265EF-6829-413B-B3C5-3F55053E71CB}.Release|x64.ActiveCfg = Release|x64
		{CE6265EF-6829-413B-B3C5-3F55053E71CB}.Release|x64.Build.0 = Release|x64
		{0D0E5AE3-6168-42E7-8B46-2D3085F9CE62}.Debug|Win32.ActiveCfg = Debug|Win32
		{0D0E5AE3-6168-42E7-8B46-2D3085F9CE62}.Debug|Win32.Build.0 = Debug|Win32
		{0D0E5AE3-6168-42E7-8B46-2D3085F9CE62}.Debug|x64.ActiveCfg = Debug|x64
		{0D0E5AE3-6168-42E7-8B46-2D3085F9CE62}.Debug|x64.Build.0 = Debug|x64
		{0D0E5AE3-6168-42E7-8B46-2D3085F9CE62}.Release|Win32.ActiveCfg = Release|Win32
		{0D0E5AE3-6168-42E7-8B46-2D3085F9CE62}.Release|Win32.Build.0 = Release|Win32
		{0D0E5AE3-6168-42E7-8B46-2D3085F9CE62}.Release|x64.ActiveCfg = Release|x64
		{0D0E5AE3-6168-42E7-8B46-2D3085F9CE62}.Release|x64.Build.0 = Release|x64
		{FD900514-A342-4278-9E59-73EE00EA4B13}.Debug|Win32.ActiveCfg = Debug|Win32
		{FD900514-A342-4278-9E59-73EE00EA4B13}.Debug|Win32.Build.0 = Debug|Win32
		{FD900514-A342-4278-9E59-73EE00EA4B13}.Debug|x64.ActiveCfg = Debug|x64
		{FD900514-A342-4278-9E59-73EE00EA4B13}.Debug|x64.Build.0 = Debug|x64
		{FD900514-A342-4278-9E59-73EE00EA4B13}.Release|Win32.ActiveCfg = Release|Win32
		{FD900514-A342-4278-9E59-73EE00EA4B13}.Release|Win32.Build.0 = Release|Win32
		{FD900514-A342-4278-9E59-73EE00EA4B13}.Release|x64.ActiveCfg = Release|x64
		{FD900514-A342-4278-9E59-73EE00EA4B13}.Release|x64.Build.0 = Release|x64
		{3B73788B-F7D9-413D-90D6-E024049A4EAA}.Debug|Win32.ActiveCfg = Debug|Win32
		{3B73788B-F7D9-413D-90D6-E024049A4EAA}.Debug|Win32.Build.0 = Debug|Win32
		{3B73788B-F7D9-413D-90D6-E024049A4EAA}.Debug|x64.ActiveCfg = Debug|x64
		{3B73788B-F7D9-413D-90D6-E024049A4EAA}.Debug|x64.Build.0 = Debug|x64
		{3B73788B-F7D9-413D-90D6-E024049A4EAA}.Release|Win32.ActiveCfg = Release|Win32
		{3B73788B-F7D9-413D-90D6-E024049A4EAA}.Release|Win32.Build.0 = Release|Win32
		{3B73788B-F7D9-413D-90D6-E024049A4EAA}.Release|x64.ActiveCfg = Release|x64
		{3B73788B-F7D9-413D-90D6-E024049A4EAA}.Release|x64.Build.0 = Release|x64
		{F270D3D2-B196-4A61-9454-36CEF97263C9}.Debug|Win32.ActiveCfg = Debug|Win32
		{F270D3D2-B196-4A61-9454-36CEF97263C9}.Debug|Win32.Build.0 = Debug|Win32
		{F270D3D2-B196-4A61-9454-36CEF97263C9}.Debug|x64.ActiveCfg = Debug|x64
		{F270D3D2-B196-4A61-9454-36CEF97263C9}.Debug|x64.Build.0 = Debug|x64
		{F270D3D2-B196-4A61-9454-36CEF97263C9}.Release|Win32.ActiveCfg = Release|Win32
		{F270D3D2-B196-4A61-9454-36CEF97263C9}.Release|Win32.Build.0 = Release|Win32
		{F270D3D2-B196-4A61-9454-36CEF97263C9}.Release|x64.ActiveCfg = Release|x64
		{F270D3D2-B196-4A61-9454-36CEF97263C9}.Release|x64.Build.0 = Release|x64
		{DC6F71FE-36A1-4BE2-8FCB-4E66126F90F4}.Debug|Win32.ActiveCfg = Debug|Win32
		{DC6F71FE-36A1-4BE2-8FCB-4E66126F90F4}.Debug|Win32.Build.0 = Debug|Win32
		{DC6F71FE-36A1-4BE2-8FCB-4E66126F90F4}.Debug|x64.ActiveCfg = Debug|x64
		{DC6F71FE-36A1-4BE2-8FCB-4E66126F90F4}.Debug|x64.Build.0 = Debug|x64
		{DC6F71FE-36A1-4BE2-8FCB-4E66126F90F4}.Release|Win32.ActiveCfg = Release|Win32
		{DC6F71FE-36A1-4BE2-8FCB-4E66126F90F4}.Release|Win32.Build.0 = Release|Win32
		{DC6F71FE-36A1-4BE2-8FCB-4E66126F90F4}.Release|x64.ActiveCfg = Release|x64
		{DC6F71FE-36A1-4BE2-8FCB-4E66126F90F4}.Release|x64.Build.0 = Release|x64
		{5D624C9E-0D7B-4C1B-B691-B80E71664628}.Debug|Win32.ActiveCfg = Debug|Win32
		{5D624C9E-0D7B-4C1B-B691-B80E71664628}.Debug|Win32.Build.0 = Debug|Win32
		{5D624C9E-0D7B-4C1B-B691-B80E71664628}.Debug|x64.ActiveCfg = Debug|x64
		{5D624C9E-0D7B-4C1B-B691-B80E71664628}.Debug|x64.Build.0 = Debug|x64
		{5D624C9E-0D7B-4C1B-B691-B80E71664628}.Release|Win32.ActiveCfg = Release|Win32
		{5D624C9E-0D7B-4C1B-B691-B80E71664628}.Release|Win32.Build.0 = Release|Win32
		{5D624C9E-0D7B-4C1B-B691-B80E71664628}.Release|x64.ActiveCfg = Release|x64
		{5D624C9E-0D7B-4C1B-B691-B80E71664628}.Release|x64.Build.0 = Release|x64
		{58885474-6793-41A6-94F7-30E185D6A6A8}.Debug|Win32.ActiveCfg = Debug|Win32
		{58885474-6793-41A6-94F7-30E185D6A6A8}.Debug|Win32.Build.0 = Debug|Win32
		{58885474-6793-41A6-94F7-30E185D6A6A8}.Debug|x64.ActiveCfg = Debug|x64
		{58885474-6793-41A6-94F7-30E185D6A6A8}.Debug|x64.Build.0 = Debug|x64
		{58885474-6793-41A6-94F7-30E185D6A6A8}.Release|Win32.ActiveCfg = Release|Win32
		{58885474-6793-41A6-94F7-30E185D6A6A8}.Release|Win32.Build.0 = Release|Win32
		{58885474-6793-41A6-94F7-30E185D6A6A8}.Release|x64.ActiveCfg = Release|x64
		{58885474-6793-41A6-94F7-30E185D6A6A8}.Release|x64.Build.0 = Release|x64
		{870ED2FD-41C1-4156-8A9A-60600B4AC1AE}.Debug|Win32.ActiveCfg = Debug|Win32
		{870ED2FD-41C1-4156-8A9A-60600B4AC1AE}.Debug|x64.ActiveCfg = Debug|x64
		{870ED2FD-41C1-4156-8A9A-60600B4AC1AE}.Debug|x64.Build.0 = Debug|x64
		{870ED2FD-41C1-4156-8A9A-60600B4AC1AE}.Release|Win32.ActiveCfg = Release|Win32
		{870ED2FD-41C1-4156-8A9A-60600B4AC1AE}.Release|x64.ActiveCfg = Release|x64
		{B902B0AE-8B33-4DB0-A2E3-AC649BE24AD1}.Debug|Win32.ActiveCfg = Debug|Win32
		{B902B0AE-8B33-4DB0-A2E3-AC649BE24AD1}.Debug|x64.ActiveCfg = Debug|x64
		{B902B0AE-8B33-4DB0-A2E3-AC649BE24AD1}.Debug|x64.Build.0 = Debug|x64
		{B902B0AE-8B33-4DB0-A2E3-AC649BE24AD1}.Release|Win32.ActiveCfg = Release|Win32
		{B902B0AE-8B33-4DB0-A2E3-AC649BE24AD1}.Release|x64.ActiveCfg = Release|x64
		{B902B0AE-8B33-4DB0-A2E3-AC649BE24AD1}.Release|x64.Build.0 = Release|x64
		{FB75E28E-CF3C-4716-A28D-EBA3FD81BCC3}.Debug|Win32.ActiveCfg = Debug|Win32
		{FB75E28E-CF3C-4716-A28D-EBA3FD81BCC3}.Debug|Win32.Build.0 = Debug|Win32
		{FB75E28E-CF3C-4716-A28D-EBA3FD81BCC3}.Debug|x64.ActiveCfg = Debug|x64
		{FB75E28E-CF3C-4716-A28D-EBA3FD81BCC3}.Debug|x64.Build.0 = Debug|x64
		{FB75E28E-CF3C-4716-A28D-EBA3FD81BCC3}.Release|Win32.ActiveCfg = Release|Win32
		{FB75E28E-CF3C-4716-A28D-EBA3FD81BCC3}.Release|Win32.Build.0 = Release|Win32
		{FB75E28E-CF3C-4716-A28D-EBA3FD81BCC3}.Release|x64.ActiveCfg = Release|x64
		{FB75E28E-CF3C-4716-A28D-EBA3FD81BCC3}.Release|x64.Build.0 = Release|x64
		{E3689650-F573-4DF1-8EF0-2A34C86C2A69}.Debug|Win32.ActiveCfg = Debug|Win32
		{E3689650-F573-4DF1-8EF0-2A34C86C2A69}.Debug|x64.ActiveCfg = Debug|x64
		{E3689650-F573-4DF1-8EF0-2A34C86C2A69}.Release|Win32.ActiveCfg = Release|Win32
		{E3689650-F573-4DF1-8EF0-2A34C86C2A69}.Release|x64.ActiveCfg = Release|x64
		{0D7FAC22-10E5-4FF3-AFE9-AD6FCD576B32}.Debug|Win32.ActiveCfg = Debug|Win32
		{0D7FAC22-10E5-4FF3-AFE9-AD6FCD576B32}.Debug|Win32.Build.0 = Debug|Win32
		{0D7FAC22-10E5-4FF3-AFE9-AD6FCD576B32}.Debug|x64.ActiveCfg = Debug|x64
		{0D7FAC22-10E5-4FF3-AFE9-AD6FCD576B32}.Debug|x64.Build.0 = Debug|x64
		{0D7FAC22-10E5-4FF3-AFE9-AD6FCD576B32}.Release|Win32.ActiveCfg = Release|Win32
		{0D7FAC22-10E5-4FF3-AFE9-AD6FCD576B32}.Release|Win32.Build.0 = Release|Win32
		{0D7FAC22-10E5-4FF3-AFE9-AD6FCD576B32}.Release|x64.ActiveCfg = Release|x64
		{0D7FAC22-10E5-4FF3-AFE9-AD6FCD576B32}.Release|x64.Build.0 = Release|x64
		{A56AD52D-8BC7-4FD5-90AC-72A9825EBC02}.Debug|Win32.ActiveCfg = Debug|Win32
		{A56AD52D-8BC7-4FD5-90AC-72A9825EBC02}.Debug|x64.ActiveCfg = Debug|x64
		{A56AD52D-8BC7-4FD5-90AC-72A9825EBC02}.Debug|x64.Build.0 = Debug|x64
		{A56AD52D-8BC7-4FD5-90AC-72A9825EBC02}.Release|Win32.ActiveCfg = Release|Win32
		{A56AD52D-8BC7-4FD5-90AC-72A9825EBC02}.Release|x64.ActiveCfg = Release|x64
		{B1E70CB6-4C53-47E9-9E01-39310886454D}.Debug|Win32.ActiveCfg = Debug|Win32
		{B1E70CB6-4C53-47E9-9E01-39310886454D}.Debug|Win32.Build.0 = Debug|Win32
		{B1E70CB6-4C53-47E9-9E01-39310886454D}.Debug|x64.ActiveCfg = Debug|x64
		{B1E70CB6-4C53-47E9-9E01-39310886454D}.Debug|x64.Build.0 = Debug|x64
		{B1E70CB6-4C53-47E9-9E01-39310886454D}.Release|Win32.ActiveCfg = Release|Win32
		{B1E70CB6-4C53-47E9-9E01-39310886454D}.Release|Win32.Build.0 = Release|Win32
		{B1E70CB6-4C53-47E9-9E01-39310886454D}.Release|x64.ActiveCfg = Release|x64
		{B1E70CB6-4C53-47E9-9E01-39310886454D}.Release|x64.Build.0 = Release|x64
		{B1E70CB6-4C53-47E9-9E01-393108860000}.Debug|Win32.ActiveCfg = Debug|Win32
		{B1E70CB6-4C53-47E9-9E01-393108860000}.Debug|Win32.Build.0 = Debug|Win32
		{B1E70CB6-4C53-47E9-9E01-393108860000}.Debug|x64.ActiveCfg = Debug|x64
		{B1E70CB6-4C53-47E9-9E01-393108860000}.Debug|x64.Build.0 = Debug|x64
		{B1E70CB6-4C53-47E9-9E01-393108860000}.Release|Win32.ActiveCfg = Release|Win32
		{B1E70CB6-4C53-47E9-9E01-393108860000}.Release|Win32.Build.0 = Release|Win32
		{B1E70CB6-4C53-47E9-9E01-393108860000}.Release|x64.ActiveCfg = Release|x64
		{B1E70CB6-4C53-47E9-9E01-393108860000}.Release|x64.Build.0 = Release|x64
		{396E807F-09AA-48E7-9A57-363AF89125E9}.Debug|Win32.ActiveCfg = Debug|Win32
		{396E807F-09AA-48E7-9A57-363AF89125E9}.Debug|Win32.Build.0 = Debug|Win32
		{396E807F-09AA-48E7-9A57-363AF89125E9}.Debug|x64.ActiveCfg = Debug|x64
		{396E807F-09AA-48E7-9A57-363AF89125E9}.Debug|x64.Build.0 = Debug|x64
		{396E807F-09AA-48E7-9A57-363AF89125E9}.Release|Win32.ActiveCfg = Release|Win32
		{396E807F-09AA-48E7-9A57-363AF89125E9}.Release|Win32.Build.0 = Release|Win32
		{396E807F-09AA-48E7-9A57-363AF89125E9}.Release|x64.ActiveCfg = Release|x64
		{396E807F-09AA-48E7-9A57-363AF89125E9}.Release|x64.Build.0 = Release|x64
		{4BB62AEF-45E3-4862-A436-C184E719EC8E}.Debug|Win32.ActiveCfg = Debug|Win32
		{4BB62AEF-45E3-4862-A436-C184E719EC8E}.Debug|Win32.Build.0 = Debug|Win32
		{4BB62AEF-45E3-4862-A436-C184E719EC8E}.Debug|x64.ActiveCfg = Debug|x64
		{4BB62AEF-45E3-4862-A436-C184E719EC8E}.Debug|x64.Build.0 = Debug|x64
		{4BB62AEF-45E3-4862-A436-C184E719EC8E}.Release|Win32.ActiveCfg = Release|Win32
		{4BB62AEF-45E3-4862-A436-C184E719EC8E}.Release|Win32.Build.0 = Release|Win32
		{4BB62AEF-45E3-4862-A436-C184E719EC8E}.Release|x64.ActiveCfg = Release|x64
		{4BB62AEF-45E3-4862-A436-C184E719EC8E}.Release|x64.Build.0 = Release|x64
		{F945E76B-4C49-4DF8-AC9F-45E945FDA9B9}.Debug|Win32.ActiveCfg = Debug|Win32
		{F945E76B-4C49-4DF8-AC9F-45E945FDA9B9}.Debug|Win32.Build.0 = Debug|Win32
		{F945E76B-4C49-4DF8-AC9F-45E945FDA9B9}.Debug|x64.ActiveCfg = Debug|x64
		{F945E76B-4C49-4DF8-AC9F-45E945FDA9B9}.Debug|x64.Build.0 = Debug|x64
		{F945E76B-4C49-4DF8-AC9F-45E945FDA9B9}.Release|Win32.ActiveCfg = Release|Win32
		{F945E76B-4C49-4DF8-AC9F-45E945FDA9B9}.Release|Win32.Build.0 = Release|Win32
		{F945E76B-4C49-4DF8-AC9F-45E945FDA9B9}.Release|x64.ActiveCfg = Release|x64
		{F945E76B-4C49-4DF8-AC9F-45E945FDA9B9}.Release|x64.Build.0 = Release|x64
		{193C3196-0D58-4D8A-A6CA-08229E2EDA5E}.Debug|Win32.ActiveCfg = Debug|Win32
		{193C3196-0D58-4D8A-A6CA-08229E2EDA5E}.Debug|Win32.Build.0 = Debug|Win32
		{193C3196-0D58-4D8A-A6CA-08229E2EDA5E}.Debug|x64.ActiveCfg = Debug|x64
		{193C3196-0D58-4D8A-A6CA-08229E2EDA5E}.Debug|x64.Build.0 = Debug|x64
		{193C3196-0D58-4D8A-A6CA-08229E2EDA5E}.Release|Win32.ActiveCfg = Release|Win32
		{193C3196-0D58-4D8A-A6CA-08229E2EDA5E}.Release|Win32.Build.0 = Release|Win32
		{193C3196-0D58-4D8A-A6CA-08229E2EDA5E}.Release|x64.ActiveCfg = Release|x64
		{193C3196-0D58-4D8A-A6CA-08229E2EDA5E}.Release|x64.Build.0 = Release|x64
		{207B0726-3047-43E6-AA8A-70B04B3D40CC}.Debug|Win32.ActiveCfg = Debug|Win32
		{207B0726-3047-43E6-AA8A-70B04B3D40CC}.Debug|Win32.Build.0 = Debug|Win32
		{207B0726-3047-43E6-AA8A-70B04B3D40CC}.Debug|x64.ActiveCfg = Debug|x64
		{207B0726-3047-43E6-AA8A-70B04B3D40CC}.Debug|x64.Build.0 = Debug|x64
		{207B0726-3047-43E6-AA8A-70B04B3D40CC}.Release|Win32.ActiveCfg = Release|Win32
		{207B0726-3047-43E6-AA8A-70B04B3D40CC}.Release|Win32.Build.0 = Release|Win32
		{207B0726-3047-43E6-AA8A-70B04B3D40CC}.Release|x64.ActiveCfg = Release|x64
		{207B0726-3047-43E6-AA8A-70B04B3D40CC}.Release|x64.Build.0 = Release|x64
		{D02F4814-950E-44E4-A563-49ADC57B3E84}.Debug|Win32.ActiveCfg = Debug|Win32
		{D02F4814-950E-44E4-A563-49ADC57B3E84}.Debug|Win32.Build.0 = Debug|Win32
		{D02F4814-950E-44E4-A563-49ADC57B3E84}.Debug|x64.ActiveCfg = Debug|x64
		{D02F4814-950E-44E4-A563-49ADC57B3E84}.Debug|x64.Build.0 = Debug|x64
		{D02F4814-950E-44E4-A563-49ADC57B3E84}.Release|Win32.ActiveCfg = Release|Win32
		{D02F4814-950E-44E4-A563-49ADC57B3E84}.Release|Win32.Build.0 = Release|Win32
		{D02F4814-950E-44E4-A563-49ADC57B3E84}.Release|x64.ActiveCfg = Release|x64
		{D02F4814-950E-44E4-A563-49ADC57B3E84}.Release|x64.Build.0 = Release|x64
		{CF40663D-558D-40B4-AA0D-DD711FF4BFB0}.Debug|Win32.ActiveCfg = Debug|Win32
		{CF40663D-558D-40B4-AA0D-DD711FF4BFB0}.Debug|Win32.Build.0 = Debug|Win32
		{CF40663D-558D-40B4-AA0D-DD711FF4BFB0}.Debug|x64.ActiveCfg = Debug|x64
		{CF40663D-558D-40B4-AA0D-DD711FF4BFB0}.Debug|x64.Build.0 = Debug|x64
		{CF40663D-558D-40B4-AA0D-DD711FF4BFB0}.Release|Win32.ActiveCfg = Release|Win32
		{CF40663D-558D-40B4-AA0D-DD711FF4BFB0}.Release|Win32.Build.0 = Release|Win32
		{CF40663D-558D-40B4-AA0D-DD711FF4BFB0}.Release|x64.ActiveCfg = Release|x64
		{CF40663D-558D-40B4-AA0D-DD711FF4BFB0}.Release|x64.Build.0 = Release|x64
		{7FF05D5D-011C-4BA4-B712-B2BC796DCE48}.Debug|Win32.ActiveCfg = Debug|Win32
		{7FF05D5D-011C-4BA4-B712-B2BC796DCE48}.Debug|Win32.Build.0 = Debug|Win32
		{7FF05D5D-011C-4BA4-B712-B2BC796DCE48}.Debug|x64.ActiveCfg = Debug|x64
		{7FF05D5D-011C-4BA4-B712-B2BC796DCE48}.Debug|x64.Build.0 = Debug|x64
		{7FF05D5D-011C-4BA4-B712-B2BC796DCE48}.Release|Win32.ActiveCfg = Release|Win32
		{7FF05D5D-011C-4BA4-B712-B2BC796DCE48}.Release|Win32.Build.0 = Release|Win32
		{7FF05D5D-011C-4BA4-B712-B2BC796DCE48}.Release|x64.ActiveCfg = Release|x64
		{7FF05D5D-011C-4BA4-B712-B2BC796DCE48}.Release|x64.Build.0 = Release|x64
		{965E6576-8DBB-44C2-996E-CF91636FB796}.Debug|Win32.ActiveCfg = Debug|Win32
		{965E6576-8DBB-44C2-996E-CF91636FB796}.Debug|x64.ActiveCfg = Debug|x64
		{965E6576-8DBB-44C2-996E-CF91636FB796}.Release|Win32.ActiveCfg = Release|Win32
		{965E6576-8DBB-44C2-996E-CF91636FB796}.Release|x64.ActiveCfg = Release|x64
		{8DB9146E-1E24-4418-B5EF-39ACC8A0EB0E}.Debug|Win32.ActiveCfg = Debug|Win32
		{8DB9146E-1E24-4418-B5EF-39ACC8A0EB0E}.Debug|Win32.Build.0 = Debug|Win32
		{8DB9146E-1E24-4418-B5EF-39ACC8A0EB0E}.Debug|x64.ActiveCfg = Debug|x64
		{8DB9146E-1E24-4418-B5EF-39ACC8A0EB0E}.Debug|x64.Build.0 = Debug|x64
		{8DB9146E-1E24-4418-B5EF-39ACC8A0EB0E}.Release|Win32.ActiveCfg = Release|Win32
		{8DB9146E-1E24-4418-B5EF-39ACC8A0EB0E}.Release|Win32.Build.0 = Release|Win32
		{8DB9146E-1E24-4418-B5EF-39ACC8A0EB0E}.Release|x64.ActiveCfg = Release|x64
		{8DB9146E-1E24-4418-B5EF-39ACC8A0EB0E}.Release|x64.Build.0 = Release|x64
		{353F3CED-B586-4338-9D59-DC657B3410B8}.Debug|Win32.ActiveCfg = Debug|Win32
		{353F3CED-B586-4338-9D59-DC657B3410B8}.Debug|Win32.Build.0 = Debug|Win32
		{353F3CED-B586-4338-9D59-DC657B3410B8}.Debug|x64.ActiveCfg = Debug|x64
		{353F3CED-B586-4338-9D59-DC657B3410B8}.Debug|x64.Build.0 = Debug|x64
		{353F3CED-B586-4338-9D59-DC657B3410B8}.Release|Win32.ActiveCfg = Release|Win32
		{353F3CED-B586-4338-9D59-DC657B3410B8}.Release|Win32.Build.0 = Release|Win32
		{353F3CED-B586-4338-9D59-DC657B3410B8}.Release|x64.ActiveCfg = Release|x64
		{353F3CED-B586-4338-9D59-DC657B3410B8}.Release|x64.Build.0 = Release|x64
		{AF91D2E3-B153-4842-90A3-0E315B31B252}.Debug|Win32.ActiveCfg = Debug|Win32
		{AF91D2E3-B153-4842-90A3-0E315B31B252}.Debug|Win32.Build.0 = Debug|Win32
		{AF91D2E3-B153-4842-90A3-0E315B31B252}.Debug|x64.ActiveCfg = Debug|x64
		{AF91D2E3-B153-4842-90A3-0E315B31B252}.Debug|x64.Build.0 = Debug|x64
		{AF91D2E3-B153-4842-90A3-0E315B31B252}.Release|Win32.ActiveCfg = Release|Win32
		{AF91D2E3-B153-4842-90A3-0E315B31B252}.Release|Win32.Build.0 = Release|Win32
		{AF91D2E3-B153-4842-90A3-0E315B31B252}.Release|x64.ActiveCfg = Release|x64
		{AF91D2E3-B153-4842-90A3-0E315B31B252}.Release|x64.Build.0 = Release|x64
		{296335CC-C44A-4BB6-B1AF-971C44B29641}.Debug|Win32.ActiveCfg = Debug|Win32
		{296335CC-C44A-4BB6-B1AF-971C44B29641}.Debug|Win32.Build.0 = Debug|Win32
		{296335CC-C44A-4BB6-B1AF-971C44B29641}.Debug|x64.ActiveCfg = Debug|x64
		{296335CC-C44A-4BB6-B1AF-971C44B29641}.Debug|x64.Build.0 = Debug|x64
		{296335CC-C44A-4BB6-B1AF-971C44B29641}.Release|Win32.ActiveCfg = Release|Win32
		{296335CC-C44A-4BB6-B1AF-971C44B29641}.Release|Win32.Build.0 = Release|Win32
		{296335CC-C44A-4BB6-B1AF-971C44B29641}.Release|x64.ActiveCfg = Release|x64
		{296335CC-C44A-4BB6-B1AF-971C44B29641}.Release|x64.Build.0 = Release|x64
	EndGlobalSection
	GlobalSection(SolutionProperties) = preSolution
		HideSolutionNode = FALSE
	EndGlobalSection
	GlobalSection(NestedProjects) = preSolution
		{FD900514-A342-4278-9E59-73EE00EA4B13} = {A4C40571-0720-402E-9F24-426041519B24}
		{3B73788B-F7D9-413D-90D6-E024049A4EAA} = {A4C40571-0720-402E-9F24-426041519B24}
		{F270D3D2-B196-4A61-9454-36CEF97263C9} = {A4C40571-0720-402E-9F24-426041519B24}
		{DC6F71FE-36A1-4BE2-8FCB-4E66126F90F4} = {A4C40571-0720-402E-9F24-426041519B24}
		{5D624C9E-0D7B-4C1B-B691-B80E71664628} = {A4C40571-0720-402E-9F24-426041519B24}
		{58885474-6793-41A6-94F7-30E185D6A6A8} = {A4C40571-0720-402E-9F24-426041519B24}
		{FB75E28E-CF3C-4716-A28D-EBA3FD81BCC3} = {A4C40571-0720-402E-9F24-426041519B24}
		{0D7FAC22-10E5-4FF3-AFE9-AD6FCD576B32} = {A4C40571-0720-402E-9F24-426041519B24}
		{B1E70CB6-4C53-47E9-9E01-39310886454D} = {A4C40571-0720-402E-9F24-426041519B24}
		{B1E70CB6-4C53-47E9-9E01-393108860000} = {A4C40571-0720-402E-9F24-426041519B24}
		{396E807F-09AA-48E7-9A57-363AF89125E9} = {A4C40571-0720-402E-9F24-426041519B24}
		{207B0726-3047-43E6-AA8A-70B04B3D40CC} = {A4C40571-0720-402E-9F24-426041519B24}
		{D02F4814-950E-44E4-A563-49ADC57B3E84} = {A4C40571-0720-402E-9F24-426041519B24}
		{CF40663D-558D-40B4-AA0D-DD711FF4BFB0} = {A4C40571-0720-402E-9F24-426041519B24}
		{7FF05D5D-011C-4BA4-B712-B2BC796DCE48} = {A4C40571-0720-402E-9F24-426041519B24}
		{353F3CED-B586-4338-9D59-DC657B3410B8} = {A4C40571-0720-402E-9F24-426041519B24}
		{AF91D2E3-B153-4842-90A3-0E315B31B252} = {A4C40571-0720-402E-9F24-426041519B24}
		{CE6265EF-6829-413B-B3C5-3F55053E71CB} = {A4C40571-0720-402E-9F24-426041519B24}
		{296335CC-C44A-4BB6-B1AF-971C44B29641} = {A4C40571-0720-402E-9F24-426041519B24}
	EndGlobalSection
EndGlobal
