Microsoft Visual Studio Solution File, Format Version 8.00
Project("{8BC9CEB8-8B4A-11D0-8D11-00A0C91BC942}") = "lab", "lab.vcproj", "{5FB42D8C-91EE-4B76-A2E2-555634C10103}"
	ProjectSection(ProjectDependencies) = postProject
	EndProjectSection
EndProject
Global
	GlobalSection(SolutionConfiguration) = preSolution
		Debug = Debug
		Release = Release
	EndGlobalSection
	GlobalSection(ProjectConfiguration) = postSolution
		{5FB42D8C-91EE-4B76-A2E2-555634C10103}.Debug.ActiveCfg = Debug|Win32
		{5FB42D8C-91EE-4B76-A2E2-555634C10103}.Debug.Build.0 = Debug|Win32
		{5FB42D8C-91EE-4B76-A2E2-555634C10103}.Release.ActiveCfg = Release|Win32
		{5FB42D8C-91EE-4B76-A2E2-555634C10103}.Release.Build.0 = Release|Win32
	EndGlobalSection
	GlobalSection(ExtensibilityGlobals) = postSolution
	EndGlobalSection
	GlobalSection(ExtensibilityAddIns) = postSolution
	EndGlobalSection
EndGlobal
