Microsoft Visual Studio Solution File, Format Version 8.00
Project("{8BC9CEB8-8B4A-11D0-8D11-00A0C91BC942}") = "Graphs", "Graphs.vcproj", "{72ACAD3F-9357-4768-9AD0-65C8EF3BF829}"
	ProjectSection(ProjectDependencies) = postProject
	EndProjectSection
EndProject
Global
	GlobalSection(SolutionConfiguration) = preSolution
		Debug = Debug
		Release = Release
	EndGlobalSection
	GlobalSection(ProjectConfiguration) = postSolution
		{72ACAD3F-9357-4768-9AD0-65C8EF3BF829}.Debug.ActiveCfg = Debug|Win32
		{72ACAD3F-9357-4768-9AD0-65C8EF3BF829}.Debug.Build.0 = Debug|Win32
		{72ACAD3F-9357-4768-9AD0-65C8EF3BF829}.Release.ActiveCfg = Release|Win32
		{72ACAD3F-9357-4768-9AD0-65C8EF3BF829}.Release.Build.0 = Release|Win32
	EndGlobalSection
	GlobalSection(ExtensibilityGlobals) = postSolution
	EndGlobalSection
	GlobalSection(ExtensibilityAddIns) = postSolution
	EndGlobalSection
EndGlobal
